
Microsoft Visual Studio Solution File, Format Version 12.00
# Visual Studio Version 16
VisualStudioVersion = 16.0.29709.97
MinimumVisualStudioVersion = 10.0.40219.1
Project("{FAE04EC0-301F-11D3-BF4B-00C04F79EFBC}") = "Arrays", "Arrays\Arrays.csproj", "{A4E1BB42-3B63-4001-9129-98FDC64C8540}"
EndProject
Global
	GlobalSection(SolutionConfigurationPlatforms) = preSolution
		Debug|Any CPU = Debug|Any CPU
		Release|Any CPU = Release|Any CPU
	EndGlobalSection
	GlobalSection(ProjectConfigurationPlatforms) = postSolution
		{A4E1BB42-3B63-4001-9129-98FDC64C8540}.Debug|Any CPU.ActiveCfg = Debug|Any CPU
		{A4E1BB42-3B63-4001-9129-98FDC64C8540}.Debug|Any CPU.Build.0 = Debug|Any CPU
		{A4E1BB42-3B63-4001-9129-98FDC64C8540}.Release|Any CPU.ActiveCfg = Release|Any CPU
		{A4E1BB42-3B63-4001-9129-98FDC64C8540}.Release|Any CPU.Build.0 = Release|Any CPU
	EndGlobalSection
	GlobalSection(SolutionProperties) = preSolution
		HideSolutionNode = FALSE
	EndGlobalSection
	GlobalSection(ExtensibilityGlobals) = postSolution
		SolutionGuid = {72C75F51-01B9-4227-9B4C-D67D0C866BA0}
	EndGlobalSection
EndGlobal
